// !$*UTF8*$!
{
	archiveVersion = 1;
	classes = {
	};
	objectVersion = 46;
	objects = {

/* Begin PBXBuildFile section */
		4849788E1D8F184500324153 /* AppDelegate.swift in Sources */ = {isa = PBXBuildFile; fileRef = 4849788D1D8F184500324153 /* AppDelegate.swift */; };
		484978901D8F184500324153 /* ViewController.swift in Sources */ = {isa = PBXBuildFile; fileRef = 4849788F1D8F184500324153 /* ViewController.swift */; };
		484978931D8F184500324153 /* Main.storyboard in Resources */ = {isa = PBXBuildFile; fileRef = 484978911D8F184500324153 /* Main.storyboard */; };
		484978951D8F184500324153 /* Assets.xcassets in Resources */ = {isa = PBXBuildFile; fileRef = 484978941D8F184500324153 /* Assets.xcassets */; };
		484978981D8F184500324153 /* LaunchScreen.storyboard in Resources */ = {isa = PBXBuildFile; fileRef = 484978961D8F184500324153 /* LaunchScreen.storyboard */; };
/* End PBXBuildFile section */

/* Begin PBXFileReference section */
		4849788A1D8F184500324153 /* UITextFieldDemo.app */ = {isa = PBXFileReference; explicitFileType = wrapper.application; includeInIndex = 0; path = UITextFieldDemo.app; sourceTree = BUILT_PRODUCTS_DIR; };
		4849788D1D8F184500324153 /* AppDelegate.swift */ = {isa = PBXFileReference; lastKnownFileType = sourcecode.swift; path = AppDelegate.swift; sourceTree = "<group>"; };
		4849788F1D8F184500324153 /* ViewController.swift */ = {isa = PBXFileReference; lastKnownFileType = sourcecode.swift; path = ViewController.swift; sourceTree = "<group>"; };
		484978921D8F184500324153 /* Base */ = {isa = PBXFileReference; lastKnownFileType = file.storyboard; name = Base; path = Base.lproj/Main.storyboard; sourceTree = "<group>"; };
		484978941D8F184500324153 /* Assets.xcassets */ = {isa = PBXFileReference; lastKnownFileType = folder.assetcatalog; path = Assets.xcassets; sourceTree = "<group>"; };
		484978971D8F184500324153 /* Base */ = {isa = PBXFileReference; lastKnownFileType = file.storyboard; name = Base; path = Base.lproj/LaunchScreen.storyboard; sourceTree = "<group>"; };
		484978991D8F184500324153 /* Info.plist */ = {isa = PBXFileReference; lastKnownFileType = text.plist.xml; path = Info.plist; sourceTree = "<group>"; };
/* End PBXFileReference section */

/* Begin PBXFrameworksBuildPhase section */
		484978871D8F184400324153 /* Frameworks */ = {
			isa = PBXFrameworksBuildPhase;
			buildActionMask = 2147483647;
			files = (
			);
			runOnlyForDeploymentPostprocessing = 0;
		};
/* End PBXFrameworksBuildPhase section */

/* Begin PBXGroup section */
		484978811D8F184400324153 = {
			isa = PBXGroup;
			children = (
				4849788C1D8F184500324153 /* UITextFieldDemo */,
				4849788B1D8F184500324153 /* Products */,
			);
			sourceTree = "<group>";
		};
		4849788B1D8F184500324153 /* Products */ = {
			isa = PBXGroup;
			children = (
				4849788A1D8F184500324153 /* UITextFieldDemo.app */,
			);
			name = Products;
			sourceTree = "<group>";
		};
		4849788C1D8F184500324153 /* UITextFieldDemo */ = {
			isa = PBXGroup;
			children = (
				4849788D1D8F184500324153 /* AppDelegate.swift */,
				4849788F1D8F184500324153 /* ViewController.swift */,
				484978911D8F184500324153 /* Main.storyboard */,
				484978941D8F184500324153 /* Assets.xcassets */,
				484978961D8F184500324153 /* LaunchScreen.storyboard */,
				484978991D8F184500324153 /* Info.plist */,
			);
			path = UITextFieldDemo;
			sourceTree = "<group>";
		};
/* End PBXGroup section */

/* Begin PBXNativeTarget section */
		484978891D8F184400324153 /* UITextFieldDemo */ = {
			isa = PBXNativeTarget;
			buildConfigurationList = 4849789C1D8F184500324153 /* Build configuration list for PBXNativeTarget "UITextFieldDemo" */;
			buildPhases = (
				484978861D8F184400324153 /* Sources */,
				484978871D8F184400324153 /* Frameworks */,
				484978881D8F184400324153 /* Resources */,
			);
			buildRules = (
			);
			dependencies = (
			);
			name = UITextFieldDemo;
			productName = UITextFieldDemo;
			productReference = 4849788A1D8F184500324153 /* UITextFieldDemo.app */;
			productType = "com.apple.product-type.application";
		};
/* End PBXNativeTarget section */

/* Begin PBXProject section */
		484978821D8F184400324153 /* Project object */ = {
			isa = PBXProject;
			attributes = {
				LastSwiftUpdateCheck = 0800;
				LastUpgradeCheck = 0800;
				ORGANIZATIONNAME = "Mihail Șalari";
				TargetAttributes = {
					484978891D8F184400324153 = {
						CreatedOnToolsVersion = 8.0;
						DevelopmentTeam = U82TG7992X;
						ProvisioningStyle = Automatic;
					};
				};
			};
			buildConfigurationList = 484978851D8F184400324153 /* Build configuration list for PBXProject "UITextFieldDemo" */;
			compatibilityVersion = "Xcode 3.2";
			developmentRegion = English;
			hasScannedForEncodings = 0;
			knownRegions = (
				en,
				Base,
			);
			mainGroup = 484978811D8F184400324153;
			productRefGroup = 4849788B1D8F184500324153 /* Products */;
			projectDirPath = "";
			projectRoot = "";
			targets = (
				484978891D8F184400324153 /* UITextFieldDemo */,
			);
		};
/* End PBXProject section */

/* Begin PBXResourcesBuildPhase section */
		484978881D8F184400324153 /* Resources */ = {
			isa = PBXResourcesBuildPhase;
			buildActionMask = 2147483647;
			files = (
				484978981D8F184500324153 /* LaunchScreen.storyboard in Resources */,
				484978951D8F184500324153 /* Assets.xcassets in Resources */,
				484978931D8F184500324153 /* Main.storyboard in Resources */,
			);
			runOnlyForDeploymentPostprocessing = 0;
		};
/* End PBXResourcesBuildPhase section */

/* Begin PBXSourcesBuildPhase section */
		484978861D8F184400324153 /* Sources */ = {
			isa = PBXSourcesBuildPhase;
			buildActionMask = 2147483647;
			files = (
				484978901D8F184500324153 /* ViewController.swift in Sources */,
				4849788E1D8F184500324153 /* AppDelegate.swift in Sources */,
			);
			runOnlyForDeploymentPostprocessing = 0;
		};
/* End PBXSourcesBuildPhase section */

/* Begin PBXVariantGroup section */
		484978911D8F184500324153 /* Main.storyboard */ = {
			isa = PBXVariantGroup;
			children = (
				484978921D8F184500324153 /* Base */,
			);
			name = Main.storyboard;
			sourceTree = "<group>";
		};
		484978961D8F184500324153 /* LaunchScreen.storyboard */ = {
			isa = PBXVariantGroup;
			children = (
				484978971D8F184500324153 /* Base */,
			);
			name = LaunchScreen.storyboard;
			sourceTree = "<group>";
		};
/* End PBXVariantGroup section */

/* Begin XCBuildConfiguration section */
		4849789A1D8F184500324153 /* Debug */ = {
			isa = XCBuildConfiguration;
			buildSettings = {
				ALWAYS_SEARCH_USER_PATHS = NO;
				CLANG_ANALYZER_NONNULL = YES;
				CLANG_CXX_LANGUAGE_STANDARD = "gnu++0x";
				CLANG_CXX_LIBRARY = "libc++";
				CLANG_ENABLE_MODULES = YES;
				CLANG_ENABLE_OBJC_ARC = YES;
				CLANG_WARN_BOOL_CONVERSION = YES;
				CLANG_WARN_CONSTANT_CONVERSION = YES;
				CLANG_WARN_DIRECT_OBJC_ISA_USAGE = YES_ERROR;
				CLANG_WARN_DOCUMENTATION_COMMENTS = YES;
				CLANG_WARN_EMPTY_BODY = YES;
				CLANG_WARN_ENUM_CONVERSION = YES;
				CLANG_WARN_INFINITE_RECURSION = YES;
				CLANG_WARN_INT_CONVERSION = YES;
				CLANG_WARN_OBJC_ROOT_CLASS = YES_ERROR;
				CLANG_WARN_SUSPICIOUS_MOVES = YES;
				CLANG_WARN_UNREACHABLE_CODE = YES;
				CLANG_WARN__DUPLICATE_METHOD_MATCH = YES;
				"CODE_SIGN_IDENTITY[sdk=iphoneos*]" = "iPhone Developer";
				COPY_PHASE_STRIP = NO;
				DEBUG_INFORMATION_FORMAT = dwarf;
				ENABLE_STRICT_OBJC_MSGSEND = YES;
				ENABLE_TESTABILITY = YES;
				GCC_C_LANGUAGE_STANDARD = gnu99;
				GCC_DYNAMIC_NO_PIC = NO;
				GCC_NO_COMMON_BLOCKS = YES;
				GCC_OPTIMIZATION_LEVEL = 0;
				GCC_PREPROCESSOR_DEFINITIONS = (
					"DEBUG=1",
					"$(inherited)",
				);
				GCC_WARN_64_TO_32_BIT_CONVERSION = YES;
				GCC_WARN_ABOUT_RETURN_TYPE = YES_ERROR;
				GCC_WARN_UNDECLARED_SELECTOR = YES;
				GCC_WARN_UNINITIALIZED_AUTOS = YES_AGGRESSIVE;
				GCC_WARN_UNUSED_FUNCTION = YES;
				GCC_WARN_UNUSED_VARIABLE = YES;
				IPHONEOS_DEPLOYMENT_TARGET = 10.0;
				MTL_ENABLE_DEBUG_INFO = YES;
				ONLY_ACTIVE_ARCH = YES;
				SDKROOT = iphoneos;
				SWIFT_ACTIVE_COMPILATION_CONDITIONS = DEBUG;
				SWIFT_OPTIMIZATION_LEVEL = "-Onone";
				TARGETED_DEVICE_FAMILY = "1,2";
			};
			name = Debug;
		};
		4849789B1D8F184500324153 /* Release */ = {
			isa = XCBuildConfiguration;
			buildSettings = {
				ALWAYS_SEARCH_USER_PATHS = NO;
				CLANG_ANALYZER_NONNULL = YES;
				CLANG_CXX_LANGUAGE_STANDARD = "gnu++0x";
				CLANG_CXX_LIBRARY = "libc++";
				CLANG_ENABLE_MODULES = YES;
				CLANG_ENABLE_OBJC_ARC = YES;
				CLANG_WARN_BOOL_CONVERSION = YES;
				CLANG_WARN_CONSTANT_CONVERSION = YES;
				CLANG_WARN_DIRECT_OBJC_ISA_USAGE = YES_ERROR;
				CLANG_WARN_DOCUMENTATION_COMMENTS = YES;
				CLANG_WARN_EMPTY_BODY = YES;
				CLANG_WARN_ENUM_CONVERSION = YES;
				CLANG_WARN_INFINITE_RECURSION = YES;
				CLANG_WARN_INT_CONVERSION = YES;
				CLANG_WARN_OBJC_ROOT_CLASS = YES_ERROR;
				CLANG_WARN_SUSPICIOUS_MOVES = YES;
				CLANG_WARN_UNREACHABLE_CODE = YES;
				CLANG_WARN__DUPLICATE_METHOD_MATCH = YES;
				"CODE_SIGN_IDENTITY[sdk=iphoneos*]" = "iPhone Developer";
				COPY_PHASE_STRIP = NO;
				DEBUG_INFORMATION_FORMAT = "dwarf-with-dsym";
				ENABLE_NS_ASSERTIONS = NO;
				ENABLE_STRICT_OBJC_MSGSEND = YES;
				GCC_C_LANGUAGE_STANDARD = gnu99;
				GCC_NO_COMMON_BLOCKS = YES;
				GCC_WARN_64_TO_32_BIT_CONVERSION = YES;
				GCC_WARN_ABOUT_RETURN_TYPE = YES_ERROR;
				GCC_WARN_UNDECLARED_SELECTOR = YES;
				GCC_WARN_UNINITIALIZED_AUTOS = YES_AGGRESSIVE;
				GCC_WARN_UNUSED_FUNCTION = YES;
				GCC_WARN_UNUSED_VARIABLE = YES;
				IPHONEOS_DEPLOYMENT_TARGET = 10.0;
				MTL_ENABLE_DEBUG_INFO = NO;
				SDKROOT = iphoneos;
				SWIFT_OPTIMIZATION_LEVEL = "-Owholemodule";
				TARGETED_DEVICE_FAMILY = "1,2";
				VALIDATE_PRODUCT = YES;
			};
			name = Release;
		};
		4849789D1D8F184500324153 /* Debug */ = {
			isa = XCBuildConfiguration;
			buildSettings = {
				ASSETCATALOG_COMPILER_APPICON_NAME = AppIcon;
				DEVELOPMENT_TEAM = U82TG7992X;
				INFOPLIST_FILE = UITextFieldDemo/Info.plist;
				LD_RUNPATH_SEARCH_PATHS = "$(inherited) @executable_path/Frameworks";
				PRODUCT_BUNDLE_IDENTIFIER = com.mihailsalari.UITextFieldDemo;
				PRODUCT_NAME = "$(TARGET_NAME)";
				SWIFT_VERSION = 3.0;
			};
			name = Debug;
		};
		4849789E1D8F184500324153 /* Release */ = {
			isa = XCBuildConfiguration;
			buildSettings = {
				ASSETCATALOG_COMPILER_APPICON_NAME = AppIcon;
				DEVELOPMENT_TEAM = U82TG7992X;
				INFOPLIST_FILE = UITextFieldDemo/Info.plist;
				LD_RUNPATH_SEARCH_PATHS = "$(inherited) @executable_path/Frameworks";
				PRODUCT_BUNDLE_IDENTIFIER = com.mihailsalari.UITextFieldDemo;
				PRODUCT_NAME = "$(TARGET_NAME)";
				SWIFT_VERSION = 3.0;
			};
			name = Release;
		};
/* End XCBuildConfiguration section */

/* Begin XCConfigurationList section */
		484978851D8F184400324153 /* Build configuration list for PBXProject "UITextFieldDemo" */ = {
			isa = XCConfigurationList;
			buildConfigurations = (
				4849789A1D8F184500324153 /* Debug */,
				4849789B1D8F184500324153 /* Release */,
			);
			defaultConfigurationIsVisible = 0;
			defaultConfigurationName = Release;
		};
		4849789C1D8F184500324153 /* Build configuration list for PBXNativeTarget "UITextFieldDemo" */ = {
			isa = XCConfigurationList;
			buildConfigurations = (
				4849789D1D8F184500324153 /* Debug */,
				4849789E1D8F184500324153 /* Release */,
			);
			defaultConfigurationIsVisible = 0;
		};
/* End XCConfigurationList section */
	};
	rootObject = 484978821D8F184400324153 /* Project object */;
}
